// !$*UTF8*$!
{
	archiveVersion = 1;
	classes = {
	};
	objectVersion = 50;
	objects = {

/* Begin PBXBuildFile section */
		011CD24B2199322D0029D6C7 /* AppDelegate.swift in Sources */ = {isa = PBXBuildFile; fileRef = 011CD24A2199322D0029D6C7 /* AppDelegate.swift */; };
		011CD24D2199322D0029D6C7 /* ViewController.swift in Sources */ = {isa = PBXBuildFile; fileRef = 011CD24C2199322D0029D6C7 /* ViewController.swift */; };
		011CD2502199322D0029D6C7 /* Main.storyboard in Resources */ = {isa = PBXBuildFile; fileRef = 011CD24E2199322D0029D6C7 /* Main.storyboard */; };
		011CD2522199322F0029D6C7 /* Assets.xcassets in Resources */ = {isa = PBXBuildFile; fileRef = 011CD2512199322F0029D6C7 /* Assets.xcassets */; };
		011CD2552199322F0029D6C7 /* LaunchScreen.storyboard in Resources */ = {isa = PBXBuildFile; fileRef = 011CD2532199322F0029D6C7 /* LaunchScreen.storyboard */; };
		011CD2602199322F0029D6C7 /* RoshamboAppTests.swift in Sources */ = {isa = PBXBuildFile; fileRef = 011CD25F2199322F0029D6C7 /* RoshamboAppTests.swift */; };
		011CD26B219932800029D6C7 /* ViewController2.swift in Sources */ = {isa = PBXBuildFile; fileRef = 011CD26A219932800029D6C7 /* ViewController2.swift */; };
/* End PBXBuildFile section */

/* Begin PBXContainerItemProxy section */
		011CD25C2199322F0029D6C7 /* PBXContainerItemProxy */ = {
			isa = PBXContainerItemProxy;
			containerPortal = 011CD23F2199322D0029D6C7 /* Project object */;
			proxyType = 1;
			remoteGlobalIDString = 011CD2462199322D0029D6C7;
			remoteInfo = RoshamboApp;
		};
/* End PBXContainerItemProxy section */

/* Begin PBXFileReference section */
		011CD2472199322D0029D6C7 /* RoshamboApp.app */ = {isa = PBXFileReference; explicitFileType = wrapper.application; includeInIndex = 0; path = RoshamboApp.app; sourceTree = BUILT_PRODUCTS_DIR; };
		011CD24A2199322D0029D6C7 /* AppDelegate.swift */ = {isa = PBXFileReference; lastKnownFileType = sourcecode.swift; path = AppDelegate.swift; sourceTree = "<group>"; };
		011CD24C2199322D0029D6C7 /* ViewController.swift */ = {isa = PBXFileReference; lastKnownFileType = sourcecode.swift; path = ViewController.swift; sourceTree = "<group>"; };
		011CD24F2199322D0029D6C7 /* Base */ = {isa = PBXFileReference; lastKnownFileType = file.storyboard; name = Base; path = Base.lproj/Main.storyboard; sourceTree = "<group>"; };
		011CD2512199322F0029D6C7 /* Assets.xcassets */ = {isa = PBXFileReference; lastKnownFileType = folder.assetcatalog; path = Assets.xcassets; sourceTree = "<group>"; };
		011CD2542199322F0029D6C7 /* Base */ = {isa = PBXFileReference; lastKnownFileType = file.storyboard; name = Base; path = Base.lproj/LaunchScreen.storyboard; sourceTree = "<group>"; };
		011CD2562199322F0029D6C7 /* Info.plist */ = {isa = PBXFileReference; lastKnownFileType = text.plist.xml; path = Info.plist; sourceTree = "<group>"; };
		011CD25B2199322F0029D6C7 /* RoshamboAppTests.xctest */ = {isa = PBXFileReference; explicitFileType = wrapper.cfbundle; includeInIndex = 0; path = RoshamboAppTests.xctest; sourceTree = BUILT_PRODUCTS_DIR; };
		011CD25F2199322F0029D6C7 /* RoshamboAppTests.swift */ = {isa = PBXFileReference; lastKnownFileType = sourcecode.swift; path = RoshamboAppTests.swift; sourceTree = "<group>"; };
		011CD2612199322F0029D6C7 /* Info.plist */ = {isa = PBXFileReference; lastKnownFileType = text.plist.xml; path = Info.plist; sourceTree = "<group>"; };
		011CD26A219932800029D6C7 /* ViewController2.swift */ = {isa = PBXFileReference; lastKnownFileType = sourcecode.swift; path = ViewController2.swift; sourceTree = "<group>"; };
/* End PBXFileReference section */

/* Begin PBXFrameworksBuildPhase section */
		011CD2442199322D0029D6C7 /* Frameworks */ = {
			isa = PBXFrameworksBuildPhase;
			buildActionMask = 2147483647;
			files = (
			);
			runOnlyForDeploymentPostprocessing = 0;
		};
		011CD2582199322F0029D6C7 /* Frameworks */ = {
			isa = PBXFrameworksBuildPhase;
			buildActionMask = 2147483647;
			files = (
			);
			runOnlyForDeploymentPostprocessing = 0;
		};
/* End PBXFrameworksBuildPhase section */

/* Begin PBXGroup section */
		011CD23E2199322D0029D6C7 = {
			isa = PBXGroup;
			children = (
				011CD2492199322D0029D6C7 /* RoshamboApp */,
				011CD25E2199322F0029D6C7 /* RoshamboAppTests */,
				011CD2482199322D0029D6C7 /* Products */,
			);
			sourceTree = "<group>";
		};
		011CD2482199322D0029D6C7 /* Products */ = {
			isa = PBXGroup;
			children = (
				011CD2472199322D0029D6C7 /* RoshamboApp.app */,
				011CD25B2199322F0029D6C7 /* RoshamboAppTests.xctest */,
			);
			name = Products;
			sourceTree = "<group>";
		};
		011CD2492199322D0029D6C7 /* RoshamboApp */ = {
			isa = PBXGroup;
			children = (
				011CD24A2199322D0029D6C7 /* AppDelegate.swift */,
				011CD24C2199322D0029D6C7 /* ViewController.swift */,
				011CD26A219932800029D6C7 /* ViewController2.swift */,
				011CD24E2199322D0029D6C7 /* Main.storyboard */,
				011CD2512199322F0029D6C7 /* Assets.xcassets */,
				011CD2532199322F0029D6C7 /* LaunchScreen.storyboard */,
				011CD2562199322F0029D6C7 /* Info.plist */,
			);
			path = RoshamboApp;
			sourceTree = "<group>";
		};
		011CD25E2199322F0029D6C7 /* RoshamboAppTests */ = {
			isa = PBXGroup;
			children = (
				011CD25F2199322F0029D6C7 /* RoshamboAppTests.swift */,
				011CD2612199322F0029D6C7 /* Info.plist */,
			);
			path = RoshamboAppTests;
			sourceTree = "<group>";
		};
/* End PBXGroup section */

/* Begin PBXNativeTarget section */
		011CD2462199322D0029D6C7 /* RoshamboApp */ = {
			isa = PBXNativeTarget;
			buildConfigurationList = 011CD2642199322F0029D6C7 /* Build configuration list for PBXNativeTarget "RoshamboApp" */;
			buildPhases = (
				011CD2432199322D0029D6C7 /* Sources */,
				011CD2442199322D0029D6C7 /* Frameworks */,
				011CD2452199322D0029D6C7 /* Resources */,
			);
			buildRules = (
			);
			dependencies = (
			);
			name = RoshamboApp;
			productName = RoshamboApp;
			productReference = 011CD2472199322D0029D6C7 /* RoshamboApp.app */;
			productType = "com.apple.product-type.application";
		};
		011CD25A2199322F0029D6C7 /* RoshamboAppTests */ = {
			isa = PBXNativeTarget;
			buildConfigurationList = 011CD2672199322F0029D6C7 /* Build configuration list for PBXNativeTarget "RoshamboAppTests" */;
			buildPhases = (
				011CD2572199322F0029D6C7 /* Sources */,
				011CD2582199322F0029D6C7 /* Frameworks */,
				011CD2592199322F0029D6C7 /* Resources */,
			);
			buildRules = (
			);
			dependencies = (
				011CD25D2199322F0029D6C7 /* PBXTargetDependency */,
			);
			name = RoshamboAppTests;
			productName = RoshamboAppTests;
			productReference = 011CD25B2199322F0029D6C7 /* RoshamboAppTests.xctest */;
			productType = "com.apple.product-type.bundle.unit-test";
		};
/* End PBXNativeTarget section */

/* Begin PBXProject section */
		011CD23F2199322D0029D6C7 /* Project object */ = {
			isa = PBXProject;
			attributes = {
				LastSwiftUpdateCheck = 1010;
				LastUpgradeCheck = 1010;
				ORGANIZATIONNAME = Udacity;
				TargetAttributes = {
					011CD2462199322D0029D6C7 = {
						CreatedOnToolsVersion = 10.1;
					};
					011CD25A2199322F0029D6C7 = {
						CreatedOnToolsVersion = 10.1;
						TestTargetID = 011CD2462199322D0029D6C7;
					};
				};
			};
			buildConfigurationList = 011CD2422199322D0029D6C7 /* Build configuration list for PBXProject "RoshamboApp" */;
			compatibilityVersion = "Xcode 9.3";
			developmentRegion = en;
			hasScannedForEncodings = 0;
			knownRegions = (
				en,
				Base,
			);
			mainGroup = 011CD23E2199322D0029D6C7;
			productRefGroup = 011CD2482199322D0029D6C7 /* Products */;
			projectDirPath = "";
			projectRoot = "";
			targets = (
				011CD2462199322D0029D6C7 /* RoshamboApp */,
				011CD25A2199322F0029D6C7 /* RoshamboAppTests */,
			);
		};
/* End PBXProject section */

/* Begin PBXResourcesBuildPhase section */
		011CD2452199322D0029D6C7 /* Resources */ = {
			isa = PBXResourcesBuildPhase;
			buildActionMask = 2147483647;
			files = (
				011CD2552199322F0029D6C7 /* LaunchScreen.storyboard in Resources */,
				011CD2522199322F0029D6C7 /* Assets.xcassets in Resources */,
				011CD2502199322D0029D6C7 /* Main.storyboard in Resources */,
			);
			runOnlyForDeploymentPostprocessing = 0;
		};
		011CD2592199322F0029D6C7 /* Resources */ = {
			isa = PBXResourcesBuildPhase;
			buildActionMask = 2147483647;
			files = (
			);
			runOnlyForDeploymentPostprocessing = 0;
		};
/* End PBXResourcesBuildPhase section */

/* Begin PBXSourcesBuildPhase section */
		011CD2432199322D0029D6C7 /* Sources */ = {
			isa = PBXSourcesBuildPhase;
			buildActionMask = 2147483647;
			files = (
				011CD24D2199322D0029D6C7 /* ViewController.swift in Sources */,
				011CD24B2199322D0029D6C7 /* AppDelegate.swift in Sources */,
				011CD26B219932800029D6C7 /* ViewController2.swift in Sources */,
			);
			runOnlyForDeploymentPostprocessing = 0;
		};
		011CD2572199322F0029D6C7 /* Sources */ = {
			isa = PBXSourcesBuildPhase;
			buildActionMask = 2147483647;
			files = (
				011CD2602199322F0029D6C7 /* RoshamboAppTests.swift in Sources */,
			);
			runOnlyForDeploymentPostprocessing = 0;
		};
/* End PBXSourcesBuildPhase section */

/* Begin PBXTargetDependency section */
		011CD25D2199322F0029D6C7 /* PBXTargetDependency */ = {
			isa = PBXTargetDependency;
			target = 011CD2462199322D0029D6C7 /* RoshamboApp */;
			targetProxy = 011CD25C2199322F0029D6C7 /* PBXContainerItemProxy */;
		};
/* End PBXTargetDependency section */

/* Begin PBXVariantGroup section */
		011CD24E2199322D0029D6C7 /* Main.storyboard */ = {
			isa = PBXVariantGroup;
			children = (
				011CD24F2199322D0029D6C7 /* Base */,
			);
			name = Main.storyboard;
			sourceTree = "<group>";
		};
		011CD2532199322F0029D6C7 /* LaunchScreen.storyboard */ = {
			isa = PBXVariantGroup;
			children = (
				011CD2542199322F0029D6C7 /* Base */,
			);
			name = LaunchScreen.storyboard;
			sourceTree = "<group>";
		};
/* End PBXVariantGroup section */

/* Begin XCBuildConfiguration section */
		011CD2622199322F0029D6C7 /* Debug */ = {
			isa = XCBuildConfiguration;
			buildSettings = {
				ALWAYS_SEARCH_USER_PATHS = NO;
				CLANG_ANALYZER_NONNULL = YES;
				CLANG_ANALYZER_NUMBER_OBJECT_CONVERSION = YES_AGGRESSIVE;
				CLANG_CXX_LANGUAGE_STANDARD = "gnu++14";
				CLANG_CXX_LIBRARY = "libc++";
				CLANG_ENABLE_MODULES = YES;
				CLANG_ENABLE_OBJC_ARC = YES;
				CLANG_ENABLE_OBJC_WEAK = YES;
				CLANG_WARN_BLOCK_CAPTURE_AUTORELEASING = YES;
				CLANG_WARN_BOOL_CONVERSION = YES;
				CLANG_WARN_COMMA = YES;
				CLANG_WARN_CONSTANT_CONVERSION = YES;
				CLANG_WARN_DEPRECATED_OBJC_IMPLEMENTATIONS = YES;
				CLANG_WARN_DIRECT_OBJC_ISA_USAGE = YES_ERROR;
				CLANG_WARN_DOCUMENTATION_COMMENTS = YES;
				CLANG_WARN_EMPTY_BODY = YES;
				CLANG_WARN_ENUM_CONVERSION = YES;
				CLANG_WARN_INFINITE_RECURSION = YES;
				CLANG_WARN_INT_CONVERSION = YES;
				CLANG_WARN_NON_LITERAL_NULL_CONVERSION = YES;
				CLANG_WARN_OBJC_IMPLICIT_RETAIN_SELF = YES;
				CLANG_WARN_OBJC_LITERAL_CONVERSION = YES;
				CLANG_WARN_OBJC_ROOT_CLASS = YES_ERROR;
				CLANG_WARN_RANGE_LOOP_ANALYSIS = YES;
				CLANG_WARN_STRICT_PROTOTYPES = YES;
				CLANG_WARN_SUSPICIOUS_MOVE = YES;
				CLANG_WARN_UNGUARDED_AVAILABILITY = YES_AGGRESSIVE;
				CLANG_WARN_UNREACHABLE_CODE = YES;
				CLANG_WARN__DUPLICATE_METHOD_MATCH = YES;
				CODE_SIGN_IDENTITY = "iPhone Developer";
				COPY_PHASE_STRIP = NO;
				DEBUG_INFORMATION_FORMAT = dwarf;
				ENABLE_STRICT_OBJC_MSGSEND = YES;
				ENABLE_TESTABILITY = YES;
				GCC_C_LANGUAGE_STANDARD = gnu11;
				GCC_DYNAMIC_NO_PIC = NO;
				GCC_NO_COMMON_BLOCKS = YES;
				GCC_OPTIMIZATION_LEVEL = 0;
				GCC_PREPROCESSOR_DEFINITIONS = (
					"DEBUG=1",
					"$(inherited)",
				);
				GCC_WARN_64_TO_32_BIT_CONVERSION = YES;
				GCC_WARN_ABOUT_RETURN_TYPE = YES_ERROR;
				GCC_WARN_UNDECLARED_SELECTOR = YES;
				GCC_WARN_UNINITIALIZED_AUTOS = YES_AGGRESSIVE;
				GCC_WARN_UNUSED_FUNCTION = YES;
				GCC_WARN_UNUSED_VARIABLE = YES;
				IPHONEOS_DEPLOYMENT_TARGET = 12.1;
				MTL_ENABLE_DEBUG_INFO = INCLUDE_SOURCE;
				MTL_FAST_MATH = YES;
				ONLY_ACTIVE_ARCH = YES;
				SDKROOT = iphoneos;
				SWIFT_ACTIVE_COMPILATION_CONDITIONS = DEBUG;
				SWIFT_OPTIMIZATION_LEVEL = "-Onone";
			};
			name = Debug;
		};
		011CD2632199322F0029D6C7 /* Release */ = {
			isa = XCBuildConfiguration;
			buildSettings = {
				ALWAYS_SEARCH_USER_PATHS = NO;
				CLANG_ANALYZER_NONNULL = YES;
				CLANG_ANALYZER_NUMBER_OBJECT_CONVERSION = YES_AGGRESSIVE;
				CLANG_CXX_LANGUAGE_STANDARD = "gnu++14";
				CLANG_CXX_LIBRARY = "libc++";
				CLANG_ENABLE_MODULES = YES;
				CLANG_ENABLE_OBJC_ARC = YES;
				CLANG_ENABLE_OBJC_WEAK = YES;
				CLANG_WARN_BLOCK_CAPTURE_AUTORELEASING = YES;
				CLANG_WARN_BOOL_CONVERSION = YES;
				CLANG_WARN_COMMA = YES;
				CLANG_WARN_CONSTANT_CONVERSION = YES;
				CLANG_WARN_DEPRECATED_OBJC_IMPLEMENTATIONS = YES;
				CLANG_WARN_DIRECT_OBJC_ISA_USAGE = YES_ERROR;
				CLANG_WARN_DOCUMENTATION_COMMENTS = YES;
				CLANG_WARN_EMPTY_BODY = YES;
				CLANG_WARN_ENUM_CONVERSION = YES;
				CLANG_WARN_INFINITE_RECURSION = YES;
				CLANG_WARN_INT_CONVERSION = YES;
				CLANG_WARN_NON_LITERAL_NULL_CONVERSION = YES;
				CLANG_WARN_OBJC_IMPLICIT_RETAIN_SELF = YES;
				CLANG_WARN_OBJC_LITERAL_CONVERSION = YES;
				CLANG_WARN_OBJC_ROOT_CLASS = YES_ERROR;
				CLANG_WARN_RANGE_LOOP_ANALYSIS = YES;
				CLANG_WARN_STRICT_PROTOTYPES = YES;
				CLANG_WARN_SUSPICIOUS_MOVE = YES;
				CLANG_WARN_UNGUARDED_AVAILABILITY = YES_AGGRESSIVE;
				CLANG_WARN_UNREACHABLE_CODE = YES;
				CLANG_WARN__DUPLICATE_METHOD_MATCH = YES;
				CODE_SIGN_IDENTITY = "iPhone Developer";
				COPY_PHASE_STRIP = NO;
				DEBUG_INFORMATION_FORMAT = "dwarf-with-dsym";
				ENABLE_NS_ASSERTIONS = NO;
				ENABLE_STRICT_OBJC_MSGSEND = YES;
				GCC_C_LANGUAGE_STANDARD = gnu11;
				GCC_NO_COMMON_BLOCKS = YES;
				GCC_WARN_64_TO_32_BIT_CONVERSION = YES;
				GCC_WARN_ABOUT_RETURN_TYPE = YES_ERROR;
				GCC_WARN_UNDECLARED_SELECTOR = YES;
				GCC_WARN_UNINITIALIZED_AUTOS = YES_AGGRESSIVE;
				GCC_WARN_UNUSED_FUNCTION = YES;
				GCC_WARN_UNUSED_VARIABLE = YES;
				IPHONEOS_DEPLOYMENT_TARGET = 12.1;
				MTL_ENABLE_DEBUG_INFO = NO;
				MTL_FAST_MATH = YES;
				SDKROOT = iphoneos;
				SWIFT_COMPILATION_MODE = wholemodule;
				SWIFT_OPTIMIZATION_LEVEL = "-O";
				VALIDATE_PRODUCT = YES;
			};
			name = Release;
		};
		011CD2652199322F0029D6C7 /* Debug */ = {
			isa = XCBuildConfiguration;
			buildSettings = {
				ASSETCATALOG_COMPILER_APPICON_NAME = AppIcon;
				CODE_SIGN_STYLE = Automatic;
				INFOPLIST_FILE = RoshamboApp/Info.plist;
				LD_RUNPATH_SEARCH_PATHS = (
					"$(inherited)",
					"@executable_path/Frameworks",
				);
				PRODUCT_BUNDLE_IDENTIFIER = com.udacity.RoshamboApp;
				PRODUCT_NAME = "$(TARGET_NAME)";
				SWIFT_VERSION = 4.2;
				TARGETED_DEVICE_FAMILY = "1,2";
			};
			name = Debug;
		};
		011CD2662199322F0029D6C7 /* Release */ = {
			isa = XCBuildConfiguration;
			buildSettings = {
				ASSETCATALOG_COMPILER_APPICON_NAME = AppIcon;
				CODE_SIGN_STYLE = Automatic;
				INFOPLIST_FILE = RoshamboApp/Info.plist;
				LD_RUNPATH_SEARCH_PATHS = (
					"$(inherited)",
					"@executable_path/Frameworks",
				);
				PRODUCT_BUNDLE_IDENTIFIER = com.udacity.RoshamboApp;
				PRODUCT_NAME = "$(TARGET_NAME)";
				SWIFT_VERSION = 4.2;
				TARGETED_DEVICE_FAMILY = "1,2";
			};
			name = Release;
		};
		011CD2682199322F0029D6C7 /* Debug */ = {
			isa = XCBuildConfiguration;
			buildSettings = {
				ALWAYS_EMBED_SWIFT_STANDARD_LIBRARIES = YES;
				BUNDLE_LOADER = "$(TEST_HOST)";
				CODE_SIGN_STYLE = Automatic;
				INFOPLIST_FILE = RoshamboAppTests/Info.plist;
				LD_RUNPATH_SEARCH_PATHS = (
					"$(inherited)",
					"@executable_path/Frameworks",
					"@loader_path/Frameworks",
				);
				PRODUCT_BUNDLE_IDENTIFIER = com.udacity.RoshamboAppTests;
				PRODUCT_NAME = "$(TARGET_NAME)";
				SWIFT_VERSION = 4.2;
				TARGETED_DEVICE_FAMILY = "1,2";
				TEST_HOST = "$(BUILT_PRODUCTS_DIR)/RoshamboApp.app/RoshamboApp";
			};
			name = Debug;
		};
		011CD2692199322F0029D6C7 /* Release */ = {
			isa = XCBuildConfiguration;
			buildSettings = {
				ALWAYS_EMBED_SWIFT_STANDARD_LIBRARIES = YES;
				BUNDLE_LOADER = "$(TEST_HOST)";
				CODE_SIGN_STYLE = Automatic;
				INFOPLIST_FILE = RoshamboAppTests/Info.plist;
				LD_RUNPATH_SEARCH_PATHS = (
					"$(inherited)",
					"@executable_path/Frameworks",
					"@loader_path/Frameworks",
				);
				PRODUCT_BUNDLE_IDENTIFIER = com.udacity.RoshamboAppTests;
				PRODUCT_NAME = "$(TARGET_NAME)";
				SWIFT_VERSION = 4.2;
				TARGETED_DEVICE_FAMILY = "1,2";
				TEST_HOST = "$(BUILT_PRODUCTS_DIR)/RoshamboApp.app/RoshamboApp";
			};
			name = Release;
		};
/* End XCBuildConfiguration section */

/* Begin XCConfigurationList section */
		011CD2422199322D0029D6C7 /* Build configuration list for PBXProject "RoshamboApp" */ = {
			isa = XCConfigurationList;
			buildConfigurations = (
				011CD2622199322F0029D6C7 /* Debug */,
				011CD2632199322F0029D6C7 /* Release */,
			);
			defaultConfigurationIsVisible = 0;
			defaultConfigurationName = Release;
		};
		011CD2642199322F0029D6C7 /* Build configuration list for PBXNativeTarget "RoshamboApp" */ = {
			isa = XCConfigurationList;
			buildConfigurations = (
				011CD2652199322F0029D6C7 /* Debug */,
				011CD2662199322F0029D6C7 /* Release */,
			);
			defaultConfigurationIsVisible = 0;
			defaultConfigurationName = Release;
		};
		011CD2672199322F0029D6C7 /* Build configuration list for PBXNativeTarget "RoshamboAppTests" */ = {
			isa = XCConfigurationList;
			buildConfigurations = (
				011CD2682199322F0029D6C7 /* Debug */,
				011CD2692199322F0029D6C7 /* Release */,
			);
			defaultConfigurationIsVisible = 0;
			defaultConfigurationName = Release;
		};
/* End XCConfigurationList section */
	};
	rootObject = 011CD23F2199322D0029D6C7 /* Project object */;
}
